
Microsoft Visual Studio Solution File, Format Version 12.00
# Visual Studio Version 16
VisualStudioVersion = 16.0.30523.141
MinimumVisualStudioVersion = 10.0.40219.1
Project("{FAE04EC0-301F-11D3-BF4B-00C04F79EFBC}") = "Harjoitustehtävä", "Harjoitustehtävä\Harjoitustehtävä.csproj", "{351E8A05-3BEC-43BF-A57E-E345E62E72B0}"
EndProject
Global
	GlobalSection(SolutionConfigurationPlatforms) = preSolution
		Debug|Any CPU = Debug|Any CPU
		Release|Any CPU = Release|Any CPU
	EndGlobalSection
	GlobalSection(ProjectConfigurationPlatforms) = postSolution
		{351E8A05-3BEC-43BF-A57E-E345E62E72B0}.Debug|Any CPU.ActiveCfg = Debug|Any CPU
		{351E8A05-3BEC-43BF-A57E-E345E62E72B0}.Debug|Any CPU.Build.0 = Debug|Any CPU
		{351E8A05-3BEC-43BF-A57E-E345E62E72B0}.Release|Any CPU.ActiveCfg = Release|Any CPU
		{351E8A05-3BEC-43BF-A57E-E345E62E72B0}.Release|Any CPU.Build.0 = Release|Any CPU
	EndGlobalSection
	GlobalSection(SolutionProperties) = preSolution
		HideSolutionNode = FALSE
	EndGlobalSection
	GlobalSection(ExtensibilityGlobals) = postSolution
		SolutionGuid = {3EDC4931-39F2-4767-8C8F-00AF63176A60}
	EndGlobalSection
EndGlobal
